// !$*UTF8*$!
{
	archiveVersion = 1;
	classes = {
	};
	objectVersion = 50;
	objects = {

/* Begin PBXBuildFile section */
		1320F4EE22E8941300865F13 /* XUC.framework in Resources */ = {isa = PBXBuildFile; fileRef = 1320F4ED22E8941300865F13 /* XUC.framework */; };
		1320F4EF22E894B500865F13 /* XUC.framework in Frameworks */ = {isa = PBXBuildFile; fileRef = 1320F4ED22E8941300865F13 /* XUC.framework */; };
		1320F4F022E894B500865F13 /* XUC.framework in Embed Frameworks */ = {isa = PBXBuildFile; fileRef = 1320F4ED22E8941300865F13 /* XUC.framework */; settings = {ATTRIBUTES = (CodeSignOnCopy, RemoveHeadersOnCopy, ); }; };
		1320F4F422E894E500865F13 /* ViewController3.m in Sources */ = {isa = PBXBuildFile; fileRef = 1320F4F322E894E500865F13 /* ViewController3.m */; };
		13BB1E3B22A6CB8F00FE2CB7 /* AppDelegate.m in Sources */ = {isa = PBXBuildFile; fileRef = 13BB1E3A22A6CB8F00FE2CB7 /* AppDelegate.m */; };
		13BB1E3E22A6CB8F00FE2CB7 /* ViewController.m in Sources */ = {isa = PBXBuildFile; fileRef = 13BB1E3D22A6CB8F00FE2CB7 /* ViewController.m */; };
		13BB1E4122A6CB8F00FE2CB7 /* Main.storyboard in Resources */ = {isa = PBXBuildFile; fileRef = 13BB1E3F22A6CB8F00FE2CB7 /* Main.storyboard */; };
		13BB1E4322A6CB9400FE2CB7 /* Assets.xcassets in Resources */ = {isa = PBXBuildFile; fileRef = 13BB1E4222A6CB9400FE2CB7 /* Assets.xcassets */; };
		13BB1E4622A6CB9400FE2CB7 /* LaunchScreen.storyboard in Resources */ = {isa = PBXBuildFile; fileRef = 13BB1E4422A6CB9400FE2CB7 /* LaunchScreen.storyboard */; };
		13BB1E4922A6CB9400FE2CB7 /* main.m in Sources */ = {isa = PBXBuildFile; fileRef = 13BB1E4822A6CB9400FE2CB7 /* main.m */; };
		13D4D27722E8A2D8006355B2 /* FPSObserver.m in Sources */ = {isa = PBXBuildFile; fileRef = 13D4D27622E8A2D8006355B2 /* FPSObserver.m */; };
		13E3BFF222E2C5E600D15F16 /* ViewController0.m in Sources */ = {isa = PBXBuildFile; fileRef = 13E3BFF122E2C5E600D15F16 /* ViewController0.m */; };
		13E3BFF622E31E5700D15F16 /* ViewControllerCell.m in Sources */ = {isa = PBXBuildFile; fileRef = 13E3BFF522E31E5700D15F16 /* ViewControllerCell.m */; };
		13E3C00422E388B900D15F16 /* UIView+Layout.m in Sources */ = {isa = PBXBuildFile; fileRef = 13E3C00322E388B900D15F16 /* UIView+Layout.m */; };
		13E7924622DE25B1003EEDDC /* ViewController1.m in Sources */ = {isa = PBXBuildFile; fileRef = 13E7924522DE25B1003EEDDC /* ViewController1.m */; };
		13F930C222E42331008DA76D /* ViewController2.m in Sources */ = {isa = PBXBuildFile; fileRef = 13F930C122E42331008DA76D /* ViewController2.m */; };
/* End PBXBuildFile section */

/* Begin PBXCopyFilesBuildPhase section */
		1320F4F122E894B500865F13 /* Embed Frameworks */ = {
			isa = PBXCopyFilesBuildPhase;
			buildActionMask = 2147483647;
			dstPath = "";
			dstSubfolderSpec = 10;
			files = (
				1320F4F022E894B500865F13 /* XUC.framework in Embed Frameworks */,
			);
			name = "Embed Frameworks";
			runOnlyForDeploymentPostprocessing = 0;
		};
/* End PBXCopyFilesBuildPhase section */

/* Begin PBXFileReference section */
		1320F4ED22E8941300865F13 /* XUC.framework */ = {isa = PBXFileReference; lastKnownFileType = wrapper.framework; path = XUC.framework; sourceTree = "<group>"; };
		1320F4F222E894E500865F13 /* ViewController3.h */ = {isa = PBXFileReference; lastKnownFileType = sourcecode.c.h; path = ViewController3.h; sourceTree = "<group>"; };
		1320F4F322E894E500865F13 /* ViewController3.m */ = {isa = PBXFileReference; lastKnownFileType = sourcecode.c.objc; path = ViewController3.m; sourceTree = "<group>"; };
		13BB1E3622A6CB8F00FE2CB7 /* practice.app */ = {isa = PBXFileReference; explicitFileType = wrapper.application; includeInIndex = 0; path = practice.app; sourceTree = BUILT_PRODUCTS_DIR; };
		13BB1E3922A6CB8F00FE2CB7 /* AppDelegate.h */ = {isa = PBXFileReference; lastKnownFileType = sourcecode.c.h; path = AppDelegate.h; sourceTree = "<group>"; };
		13BB1E3A22A6CB8F00FE2CB7 /* AppDelegate.m */ = {isa = PBXFileReference; lastKnownFileType = sourcecode.c.objc; path = AppDelegate.m; sourceTree = "<group>"; };
		13BB1E3C22A6CB8F00FE2CB7 /* ViewController.h */ = {isa = PBXFileReference; lastKnownFileType = sourcecode.c.h; path = ViewController.h; sourceTree = "<group>"; };
		13BB1E3D22A6CB8F00FE2CB7 /* ViewController.m */ = {isa = PBXFileReference; lastKnownFileType = sourcecode.c.objc; path = ViewController.m; sourceTree = "<group>"; };
		13BB1E4022A6CB8F00FE2CB7 /* Base */ = {isa = PBXFileReference; lastKnownFileType = file.storyboard; name = Base; path = Base.lproj/Main.storyboard; sourceTree = "<group>"; };
		13BB1E4222A6CB9400FE2CB7 /* Assets.xcassets */ = {isa = PBXFileReference; lastKnownFileType = folder.assetcatalog; path = Assets.xcassets; sourceTree = "<group>"; };
		13BB1E4522A6CB9400FE2CB7 /* Base */ = {isa = PBXFileReference; lastKnownFileType = file.storyboard; name = Base; path = Base.lproj/LaunchScreen.storyboard; sourceTree = "<group>"; };
		13BB1E4722A6CB9400FE2CB7 /* Info.plist */ = {isa = PBXFileReference; lastKnownFileType = text.plist.xml; path = Info.plist; sourceTree = "<group>"; };
		13BB1E4822A6CB9400FE2CB7 /* main.m */ = {isa = PBXFileReference; lastKnownFileType = sourcecode.c.objc; path = main.m; sourceTree = "<group>"; };
		13D4D27522E8A2D8006355B2 /* FPSObserver.h */ = {isa = PBXFileReference; lastKnownFileType = sourcecode.c.h; path = FPSObserver.h; sourceTree = "<group>"; };
		13D4D27622E8A2D8006355B2 /* FPSObserver.m */ = {isa = PBXFileReference; lastKnownFileType = sourcecode.c.objc; path = FPSObserver.m; sourceTree = "<group>"; };
		13E3BFF022E2C5E600D15F16 /* ViewController0.h */ = {isa = PBXFileReference; lastKnownFileType = sourcecode.c.h; path = ViewController0.h; sourceTree = "<group>"; };
		13E3BFF122E2C5E600D15F16 /* ViewController0.m */ = {isa = PBXFileReference; lastKnownFileType = sourcecode.c.objc; path = ViewController0.m; sourceTree = "<group>"; };
		13E3BFF422E31E5700D15F16 /* ViewControllerCell.h */ = {isa = PBXFileReference; lastKnownFileType = sourcecode.c.h; path = ViewControllerCell.h; sourceTree = "<group>"; };
		13E3BFF522E31E5700D15F16 /* ViewControllerCell.m */ = {isa = PBXFileReference; lastKnownFileType = sourcecode.c.objc; path = ViewControllerCell.m; sourceTree = "<group>"; };
		13E3BFFA22E3816000D15F16 /* PrefixHeader.pch */ = {isa = PBXFileReference; lastKnownFileType = sourcecode.c.h; path = PrefixHeader.pch; sourceTree = "<group>"; };
		13E3C00222E388B900D15F16 /* UIView+Layout.h */ = {isa = PBXFileReference; lastKnownFileType = sourcecode.c.h; path = "UIView+Layout.h"; sourceTree = "<group>"; };
		13E3C00322E388B900D15F16 /* UIView+Layout.m */ = {isa = PBXFileReference; lastKnownFileType = sourcecode.c.objc; path = "UIView+Layout.m"; sourceTree = "<group>"; };
		13E7924422DE25B1003EEDDC /* ViewController1.h */ = {isa = PBXFileReference; lastKnownFileType = sourcecode.c.h; path = ViewController1.h; sourceTree = "<group>"; };
		13E7924522DE25B1003EEDDC /* ViewController1.m */ = {isa = PBXFileReference; lastKnownFileType = sourcecode.c.objc; path = ViewController1.m; sourceTree = "<group>"; };
		13F930C022E42330008DA76D /* ViewController2.h */ = {isa = PBXFileReference; fileEncoding = 4; lastKnownFileType = sourcecode.c.h; path = ViewController2.h; sourceTree = "<group>"; };
		13F930C122E42331008DA76D /* ViewController2.m */ = {isa = PBXFileReference; fileEncoding = 4; lastKnownFileType = sourcecode.c.objc; path = ViewController2.m; sourceTree = "<group>"; };
/* End PBXFileReference section */

/* Begin PBXFrameworksBuildPhase section */
		13BB1E3322A6CB8F00FE2CB7 /* Frameworks */ = {
			isa = PBXFrameworksBuildPhase;
			buildActionMask = 2147483647;
			files = (
				1320F4EF22E894B500865F13 /* XUC.framework in Frameworks */,
			);
			runOnlyForDeploymentPostprocessing = 0;
		};
/* End PBXFrameworksBuildPhase section */

/* Begin PBXGroup section */
		13BB1E2D22A6CB8F00FE2CB7 = {
			isa = PBXGroup;
			children = (
				1320F4ED22E8941300865F13 /* XUC.framework */,
				13E3BFEF22E2C57600D15F16 /* BasicFiles */,
				13BB1E3822A6CB8F00FE2CB7 /* Practice */,
				13E3BFF322E31E1600D15F16 /* Views */,
				13BB1E3722A6CB8F00FE2CB7 /* Products */,
			);
			sourceTree = "<group>";
		};
		13BB1E3722A6CB8F00FE2CB7 /* Products */ = {
			isa = PBXGroup;
			children = (
				13BB1E3622A6CB8F00FE2CB7 /* practice.app */,
			);
			name = Products;
			sourceTree = "<group>";
		};
		13BB1E3822A6CB8F00FE2CB7 /* Practice */ = {
			isa = PBXGroup;
			children = (
				13BB1E4722A6CB9400FE2CB7 /* Info.plist */,
				13BB1E3922A6CB8F00FE2CB7 /* AppDelegate.h */,
				13BB1E3A22A6CB8F00FE2CB7 /* AppDelegate.m */,
				13BB1E3C22A6CB8F00FE2CB7 /* ViewController.h */,
				13BB1E3D22A6CB8F00FE2CB7 /* ViewController.m */,
				13E3BFF022E2C5E600D15F16 /* ViewController0.h */,
				13E3BFF122E2C5E600D15F16 /* ViewController0.m */,
				13E7924422DE25B1003EEDDC /* ViewController1.h */,
				13E7924522DE25B1003EEDDC /* ViewController1.m */,
				13F930C022E42330008DA76D /* ViewController2.h */,
				13F930C122E42331008DA76D /* ViewController2.m */,
				1320F4F222E894E500865F13 /* ViewController3.h */,
				1320F4F322E894E500865F13 /* ViewController3.m */,
			);
			path = Practice;
			sourceTree = "<group>";
		};
		13E3BFEF22E2C57600D15F16 /* BasicFiles */ = {
			isa = PBXGroup;
			children = (
				13BB1E3F22A6CB8F00FE2CB7 /* Main.storyboard */,
				13BB1E4222A6CB9400FE2CB7 /* Assets.xcassets */,
				13BB1E4422A6CB9400FE2CB7 /* LaunchScreen.storyboard */,
				13BB1E4822A6CB9400FE2CB7 /* main.m */,
				13E3BFFA22E3816000D15F16 /* PrefixHeader.pch */,
				13E3C00222E388B900D15F16 /* UIView+Layout.h */,
				13E3C00322E388B900D15F16 /* UIView+Layout.m */,
			);
			path = BasicFiles;
			sourceTree = "<group>";
		};
		13E3BFF322E31E1600D15F16 /* Views */ = {
			isa = PBXGroup;
			children = (
				13E3BFF422E31E5700D15F16 /* ViewControllerCell.h */,
				13E3BFF522E31E5700D15F16 /* ViewControllerCell.m */,
				13D4D27522E8A2D8006355B2 /* FPSObserver.h */,
				13D4D27622E8A2D8006355B2 /* FPSObserver.m */,
			);
			path = Views;
			sourceTree = "<group>";
		};
/* End PBXGroup section */

/* Begin PBXNativeTarget section */
		13BB1E3522A6CB8F00FE2CB7 /* practice */ = {
			isa = PBXNativeTarget;
			buildConfigurationList = 13BB1E4C22A6CB9400FE2CB7 /* Build configuration list for PBXNativeTarget "practice" */;
			buildPhases = (
				13BB1E3222A6CB8F00FE2CB7 /* Sources */,
				13BB1E3322A6CB8F00FE2CB7 /* Frameworks */,
				13BB1E3422A6CB8F00FE2CB7 /* Resources */,
				1320F4F122E894B500865F13 /* Embed Frameworks */,
			);
			buildRules = (
			);
			dependencies = (
			);
			name = practice;
			productName = practice;
			productReference = 13BB1E3622A6CB8F00FE2CB7 /* practice.app */;
			productType = "com.apple.product-type.application";
		};
/* End PBXNativeTarget section */

/* Begin PBXProject section */
		13BB1E2E22A6CB8F00FE2CB7 /* Project object */ = {
			isa = PBXProject;
			attributes = {
				LastUpgradeCheck = 1020;
				ORGANIZATIONNAME = "许超";
				TargetAttributes = {
					13BB1E3522A6CB8F00FE2CB7 = {
						CreatedOnToolsVersion = 10.2;
					};
				};
			};
			buildConfigurationList = 13BB1E3122A6CB8F00FE2CB7 /* Build configuration list for PBXProject "practice" */;
			compatibilityVersion = "Xcode 9.3";
			developmentRegion = en;
			hasScannedForEncodings = 0;
			knownRegions = (
				en,
				Base,
			);
			mainGroup = 13BB1E2D22A6CB8F00FE2CB7;
			productRefGroup = 13BB1E3722A6CB8F00FE2CB7 /* Products */;
			projectDirPath = "";
			projectRoot = "";
			targets = (
				13BB1E3522A6CB8F00FE2CB7 /* practice */,
			);
		};
/* End PBXProject section */

/* Begin PBXResourcesBuildPhase section */
		13BB1E3422A6CB8F00FE2CB7 /* Resources */ = {
			isa = PBXResourcesBuildPhase;
			buildActionMask = 2147483647;
			files = (
				1320F4EE22E8941300865F13 /* XUC.framework in Resources */,
				13BB1E4622A6CB9400FE2CB7 /* LaunchScreen.storyboard in Resources */,
				13BB1E4322A6CB9400FE2CB7 /* Assets.xcassets in Resources */,
				13BB1E4122A6CB8F00FE2CB7 /* Main.storyboard in Resources */,
			);
			runOnlyForDeploymentPostprocessing = 0;
		};
/* End PBXResourcesBuildPhase section */

/* Begin PBXSourcesBuildPhase section */
		13BB1E3222A6CB8F00FE2CB7 /* Sources */ = {
			isa = PBXSourcesBuildPhase;
			buildActionMask = 2147483647;
			files = (
				13E3BFF622E31E5700D15F16 /* ViewControllerCell.m in Sources */,
				13E7924622DE25B1003EEDDC /* ViewController1.m in Sources */,
				1320F4F422E894E500865F13 /* ViewController3.m in Sources */,
				13BB1E3E22A6CB8F00FE2CB7 /* ViewController.m in Sources */,
				13E3C00422E388B900D15F16 /* UIView+Layout.m in Sources */,
				13BB1E4922A6CB9400FE2CB7 /* main.m in Sources */,
				13F930C222E42331008DA76D /* ViewController2.m in Sources */,
				13D4D27722E8A2D8006355B2 /* FPSObserver.m in Sources */,
				13E3BFF222E2C5E600D15F16 /* ViewController0.m in Sources */,
				13BB1E3B22A6CB8F00FE2CB7 /* AppDelegate.m in Sources */,
			);
			runOnlyForDeploymentPostprocessing = 0;
		};
/* End PBXSourcesBuildPhase section */

/* Begin PBXVariantGroup section */
		13BB1E3F22A6CB8F00FE2CB7 /* Main.storyboard */ = {
			isa = PBXVariantGroup;
			children = (
				13BB1E4022A6CB8F00FE2CB7 /* Base */,
			);
			name = Main.storyboard;
			sourceTree = "<group>";
		};
		13BB1E4422A6CB9400FE2CB7 /* LaunchScreen.storyboard */ = {
			isa = PBXVariantGroup;
			children = (
				13BB1E4522A6CB9400FE2CB7 /* Base */,
			);
			name = LaunchScreen.storyboard;
			sourceTree = "<group>";
		};
/* End PBXVariantGroup section */

/* Begin XCBuildConfiguration section */
		13BB1E4A22A6CB9400FE2CB7 /* Debug */ = {
			isa = XCBuildConfiguration;
			buildSettings = {
				ALWAYS_SEARCH_USER_PATHS = NO;
				CLANG_ANALYZER_NONNULL = YES;
				CLANG_ANALYZER_NUMBER_OBJECT_CONVERSION = YES_AGGRESSIVE;
				CLANG_CXX_LANGUAGE_STANDARD = "gnu++14";
				CLANG_CXX_LIBRARY = "libc++";
				CLANG_ENABLE_MODULES = YES;
				CLANG_ENABLE_OBJC_ARC = YES;
				CLANG_ENABLE_OBJC_WEAK = YES;
				CLANG_WARN_BLOCK_CAPTURE_AUTORELEASING = YES;
				CLANG_WARN_BOOL_CONVERSION = YES;
				CLANG_WARN_COMMA = YES;
				CLANG_WARN_CONSTANT_CONVERSION = YES;
				CLANG_WARN_DEPRECATED_OBJC_IMPLEMENTATIONS = YES;
				CLANG_WARN_DIRECT_OBJC_ISA_USAGE = YES_ERROR;
				CLANG_WARN_DOCUMENTATION_COMMENTS = YES;
				CLANG_WARN_EMPTY_BODY = YES;
				CLANG_WARN_ENUM_CONVERSION = YES;
				CLANG_WARN_INFINITE_RECURSION = YES;
				CLANG_WARN_INT_CONVERSION = YES;
				CLANG_WARN_NON_LITERAL_NULL_CONVERSION = YES;
				CLANG_WARN_OBJC_IMPLICIT_RETAIN_SELF = YES;
				CLANG_WARN_OBJC_LITERAL_CONVERSION = YES;
				CLANG_WARN_OBJC_ROOT_CLASS = YES_ERROR;
				CLANG_WARN_RANGE_LOOP_ANALYSIS = YES;
				CLANG_WARN_STRICT_PROTOTYPES = YES;
				CLANG_WARN_SUSPICIOUS_MOVE = YES;
				CLANG_WARN_UNGUARDED_AVAILABILITY = YES_AGGRESSIVE;
				CLANG_WARN_UNREACHABLE_CODE = YES;
				CLANG_WARN__DUPLICATE_METHOD_MATCH = YES;
				CODE_SIGN_IDENTITY = "iPhone Developer";
				COPY_PHASE_STRIP = NO;
				DEBUG_INFORMATION_FORMAT = dwarf;
				ENABLE_STRICT_OBJC_MSGSEND = YES;
				ENABLE_TESTABILITY = YES;
				GCC_C_LANGUAGE_STANDARD = gnu11;
				GCC_DYNAMIC_NO_PIC = NO;
				GCC_NO_COMMON_BLOCKS = YES;
				GCC_OPTIMIZATION_LEVEL = 0;
				GCC_PREPROCESSOR_DEFINITIONS = (
					"DEBUG=1",
					"$(inherited)",
				);
				GCC_WARN_64_TO_32_BIT_CONVERSION = YES;
				GCC_WARN_ABOUT_RETURN_TYPE = YES_ERROR;
				GCC_WARN_UNDECLARED_SELECTOR = YES;
				GCC_WARN_UNINITIALIZED_AUTOS = YES_AGGRESSIVE;
				GCC_WARN_UNUSED_FUNCTION = YES;
				GCC_WARN_UNUSED_VARIABLE = YES;
				IPHONEOS_DEPLOYMENT_TARGET = 12.2;
				MTL_ENABLE_DEBUG_INFO = INCLUDE_SOURCE;
				MTL_FAST_MATH = YES;
				ONLY_ACTIVE_ARCH = YES;
				SDKROOT = iphoneos;
			};
			name = Debug;
		};
		13BB1E4B22A6CB9400FE2CB7 /* Release */ = {
			isa = XCBuildConfiguration;
			buildSettings = {
				ALWAYS_SEARCH_USER_PATHS = NO;
				CLANG_ANALYZER_NONNULL = YES;
				CLANG_ANALYZER_NUMBER_OBJECT_CONVERSION = YES_AGGRESSIVE;
				CLANG_CXX_LANGUAGE_STANDARD = "gnu++14";
				CLANG_CXX_LIBRARY = "libc++";
				CLANG_ENABLE_MODULES = YES;
				CLANG_ENABLE_OBJC_ARC = YES;
				CLANG_ENABLE_OBJC_WEAK = YES;
				CLANG_WARN_BLOCK_CAPTURE_AUTORELEASING = YES;
				CLANG_WARN_BOOL_CONVERSION = YES;
				CLANG_WARN_COMMA = YES;
				CLANG_WARN_CONSTANT_CONVERSION = YES;
				CLANG_WARN_DEPRECATED_OBJC_IMPLEMENTATIONS = YES;
				CLANG_WARN_DIRECT_OBJC_ISA_USAGE = YES_ERROR;
				CLANG_WARN_DOCUMENTATION_COMMENTS = YES;
				CLANG_WARN_EMPTY_BODY = YES;
				CLANG_WARN_ENUM_CONVERSION = YES;
				CLANG_WARN_INFINITE_RECURSION = YES;
				CLANG_WARN_INT_CONVERSION = YES;
				CLANG_WARN_NON_LITERAL_NULL_CONVERSION = YES;
				CLANG_WARN_OBJC_IMPLICIT_RETAIN_SELF = YES;
				CLANG_WARN_OBJC_LITERAL_CONVERSION = YES;
				CLANG_WARN_OBJC_ROOT_CLASS = YES_ERROR;
				CLANG_WARN_RANGE_LOOP_ANALYSIS = YES;
				CLANG_WARN_STRICT_PROTOTYPES = YES;
				CLANG_WARN_SUSPICIOUS_MOVE = YES;
				CLANG_WARN_UNGUARDED_AVAILABILITY = YES_AGGRESSIVE;
				CLANG_WARN_UNREACHABLE_CODE = YES;
				CLANG_WARN__DUPLICATE_METHOD_MATCH = YES;
				CODE_SIGN_IDENTITY = "iPhone Developer";
				COPY_PHASE_STRIP = NO;
				DEBUG_INFORMATION_FORMAT = "dwarf-with-dsym";
				ENABLE_NS_ASSERTIONS = NO;
				ENABLE_STRICT_OBJC_MSGSEND = YES;
				GCC_C_LANGUAGE_STANDARD = gnu11;
				GCC_NO_COMMON_BLOCKS = YES;
				GCC_WARN_64_TO_32_BIT_CONVERSION = YES;
				GCC_WARN_ABOUT_RETURN_TYPE = YES_ERROR;
				GCC_WARN_UNDECLARED_SELECTOR = YES;
				GCC_WARN_UNINITIALIZED_AUTOS = YES_AGGRESSIVE;
				GCC_WARN_UNUSED_FUNCTION = YES;
				GCC_WARN_UNUSED_VARIABLE = YES;
				IPHONEOS_DEPLOYMENT_TARGET = 12.2;
				MTL_ENABLE_DEBUG_INFO = NO;
				MTL_FAST_MATH = YES;
				SDKROOT = iphoneos;
				VALIDATE_PRODUCT = YES;
			};
			name = Release;
		};
		13BB1E4D22A6CB9400FE2CB7 /* Debug */ = {
			isa = XCBuildConfiguration;
			buildSettings = {
				ALWAYS_SEARCH_USER_PATHS = NO;
				ASSETCATALOG_COMPILER_APPICON_NAME = AppIcon;
				CODE_SIGN_STYLE = Automatic;
				DEVELOPMENT_TEAM = QBDJ83Z5HX;
				FRAMEWORK_SEARCH_PATHS = (
					"$(inherited)",
					"$(PROJECT_DIR)",
				);
				GCC_PRECOMPILE_PREFIX_HEADER = YES;
				GCC_PREFIX_HEADER = "$(SRCROOT)/BasicFiles/PrefixHeader.pch";
				HEADER_SEARCH_PATHS = "";
				INFOPLIST_FILE = practice/Info.plist;
				IPHONEOS_DEPLOYMENT_TARGET = 8.0;
				LD_RUNPATH_SEARCH_PATHS = (
					"$(inherited)",
					"@executable_path/Frameworks",
				);
				PRODUCT_BUNDLE_IDENTIFIER = com.vincentplus.www.practice;
				PRODUCT_NAME = "$(TARGET_NAME)";
				TARGETED_DEVICE_FAMILY = "1,2";
			};
			name = Debug;
		};
		13BB1E4E22A6CB9400FE2CB7 /* Release */ = {
			isa = XCBuildConfiguration;
			buildSettings = {
				ALWAYS_SEARCH_USER_PATHS = NO;
				ASSETCATALOG_COMPILER_APPICON_NAME = AppIcon;
				CODE_SIGN_STYLE = Automatic;
				DEVELOPMENT_TEAM = QBDJ83Z5HX;
				FRAMEWORK_SEARCH_PATHS = (
					"$(inherited)",
					"$(PROJECT_DIR)",
				);
				GCC_PRECOMPILE_PREFIX_HEADER = YES;
				GCC_PREFIX_HEADER = "$(SRCROOT)/BasicFiles/PrefixHeader.pch";
				HEADER_SEARCH_PATHS = "";
				INFOPLIST_FILE = practice/Info.plist;
				IPHONEOS_DEPLOYMENT_TARGET = 8.0;
				LD_RUNPATH_SEARCH_PATHS = (
					"$(inherited)",
					"@executable_path/Frameworks",
				);
				PRODUCT_BUNDLE_IDENTIFIER = com.vincentplus.www.practice;
				PRODUCT_NAME = "$(TARGET_NAME)";
				TARGETED_DEVICE_FAMILY = "1,2";
			};
			name = Release;
		};
/* End XCBuildConfiguration section */

/* Begin XCConfigurationList section */
		13BB1E3122A6CB8F00FE2CB7 /* Build configuration list for PBXProject "practice" */ = {
			isa = XCConfigurationList;
			buildConfigurations = (
				13BB1E4A22A6CB9400FE2CB7 /* Debug */,
				13BB1E4B22A6CB9400FE2CB7 /* Release */,
			);
			defaultConfigurationIsVisible = 0;
			defaultConfigurationName = Release;
		};
		13BB1E4C22A6CB9400FE2CB7 /* Build configuration list for PBXNativeTarget "practice" */ = {
			isa = XCConfigurationList;
			buildConfigurations = (
				13BB1E4D22A6CB9400FE2CB7 /* Debug */,
				13BB1E4E22A6CB9400FE2CB7 /* Release */,
			);
			defaultConfigurationIsVisible = 0;
			defaultConfigurationName = Release;
		};
/* End XCConfigurationList section */
	};
	rootObject = 13BB1E2E22A6CB8F00FE2CB7 /* Project object */;
}
