// !$*UTF8*$!
{
	archiveVersion = 1;
	classes = {
	};
	objectVersion = 50;
	objects = {

/* Begin PBXBuildFile section */
		1320F4EE22E8941300865F13 /* XUC.framework in Resources */ = {isa = PBXBuildFile; fileRef = 1320F4ED22E8941300865F13 /* XUC.framework */; };
		1320F4EF22E894B500865F13 /* XUC.framework in Frameworks */ = {isa = PBXBuildFile; fileRef = 1320F4ED22E8941300865F13 /* XUC.framework */; settings = {ATTRIBUTES = (Weak, ); }; };
		1320F4F022E894B500865F13 /* XUC.framework in Embed Frameworks */ = {isa = PBXBuildFile; fileRef = 1320F4ED22E8941300865F13 /* XUC.framework */; settings = {ATTRIBUTES = (CodeSignOnCopy, RemoveHeadersOnCopy, ); }; };
		1320F4F422E894E500865F13 /* ViewController3.m in Sources */ = {isa = PBXBuildFile; fileRef = 1320F4F322E894E500865F13 /* ViewController3.m */; };
		1326164B235C2FDA008E646B /* ViewController0+VC0.m in Sources */ = {isa = PBXBuildFile; fileRef = 1326164A235C2FDA008E646B /* ViewController0+VC0.m */; };
		1326164E235C3E02008E646B /* ViewController7.swift in Sources */ = {isa = PBXBuildFile; fileRef = 1326164D235C3E02008E646B /* ViewController7.swift */; };
		132FB7292339970B00A19228 /* ViewController6.m in Sources */ = {isa = PBXBuildFile; fileRef = 132FB7272339970B00A19228 /* ViewController6.m */; };
		132FB72A2339970B00A19228 /* ViewController6.xib in Resources */ = {isa = PBXBuildFile; fileRef = 132FB7282339970B00A19228 /* ViewController6.xib */; };
		133598B622EC0D8100D509DF /* ViewController4.m in Sources */ = {isa = PBXBuildFile; fileRef = 133598B522EC0D8100D509DF /* ViewController4.m */; };
		133598BD22EC155200D509DF /* VC4TableCell.m in Sources */ = {isa = PBXBuildFile; fileRef = 133598BB22EC155200D509DF /* VC4TableCell.m */; };
		133598BE22EC155200D509DF /* VC4TableCell.xib in Resources */ = {isa = PBXBuildFile; fileRef = 133598BC22EC155200D509DF /* VC4TableCell.xib */; };
		1335990A22EC71D300D509DF /* practiceTests.m in Sources */ = {isa = PBXBuildFile; fileRef = 1335990922EC71D300D509DF /* practiceTests.m */; };
		1335991822EC721B00D509DF /* practiceUITests.m in Sources */ = {isa = PBXBuildFile; fileRef = 1335991722EC721B00D509DF /* practiceUITests.m */; };
		13BB1E3B22A6CB8F00FE2CB7 /* AppDelegate.m in Sources */ = {isa = PBXBuildFile; fileRef = 13BB1E3A22A6CB8F00FE2CB7 /* AppDelegate.m */; };
		13BB1E3E22A6CB8F00FE2CB7 /* ViewController.m in Sources */ = {isa = PBXBuildFile; fileRef = 13BB1E3D22A6CB8F00FE2CB7 /* ViewController.m */; };
		13BB1E4122A6CB8F00FE2CB7 /* Main.storyboard in Resources */ = {isa = PBXBuildFile; fileRef = 13BB1E3F22A6CB8F00FE2CB7 /* Main.storyboard */; };
		13BB1E4322A6CB9400FE2CB7 /* Assets.xcassets in Resources */ = {isa = PBXBuildFile; fileRef = 13BB1E4222A6CB9400FE2CB7 /* Assets.xcassets */; };
		13BB1E4622A6CB9400FE2CB7 /* LaunchScreen.storyboard in Resources */ = {isa = PBXBuildFile; fileRef = 13BB1E4422A6CB9400FE2CB7 /* LaunchScreen.storyboard */; };
		13BB1E4922A6CB9400FE2CB7 /* main.m in Sources */ = {isa = PBXBuildFile; fileRef = 13BB1E4822A6CB9400FE2CB7 /* main.m */; };
		13D4D27722E8A2D8006355B2 /* FPSObserver.m in Sources */ = {isa = PBXBuildFile; fileRef = 13D4D27622E8A2D8006355B2 /* FPSObserver.m */; };
		13E3BFF222E2C5E600D15F16 /* ViewController0.m in Sources */ = {isa = PBXBuildFile; fileRef = 13E3BFF122E2C5E600D15F16 /* ViewController0.m */; };
		13E3BFF622E31E5700D15F16 /* ViewControllerCell.m in Sources */ = {isa = PBXBuildFile; fileRef = 13E3BFF522E31E5700D15F16 /* ViewControllerCell.m */; };
		13E3C00422E388B900D15F16 /* UIView+Layout.m in Sources */ = {isa = PBXBuildFile; fileRef = 13E3C00322E388B900D15F16 /* UIView+Layout.m */; };
		13E7924622DE25B1003EEDDC /* ViewController1.m in Sources */ = {isa = PBXBuildFile; fileRef = 13E7924522DE25B1003EEDDC /* ViewController1.m */; };
		13F930C222E42331008DA76D /* ViewController2.m in Sources */ = {isa = PBXBuildFile; fileRef = 13F930C122E42331008DA76D /* ViewController2.m */; };
		9C2CEAAA22EEE7640096C8E0 /* Note.rtf in Resources */ = {isa = PBXBuildFile; fileRef = 9C2CEAA922EEE7640096C8E0 /* Note.rtf */; };
		9C4A6FD622EFD636008B7344 /* ViewController5.m in Sources */ = {isa = PBXBuildFile; fileRef = 9C4A6FD522EFD636008B7344 /* ViewController5.m */; };
		F1C552A028FBD2094D4BD34D /* libPods-practice.a in Frameworks */ = {isa = PBXBuildFile; fileRef = A796E396148D2845591460A6 /* libPods-practice.a */; };
/* End PBXBuildFile section */

/* Begin PBXContainerItemProxy section */
		1335990C22EC71D300D509DF /* PBXContainerItemProxy */ = {
			isa = PBXContainerItemProxy;
			containerPortal = 13BB1E2E22A6CB8F00FE2CB7 /* Project object */;
			proxyType = 1;
			remoteGlobalIDString = 13BB1E3522A6CB8F00FE2CB7;
			remoteInfo = practice;
		};
		1335991A22EC721B00D509DF /* PBXContainerItemProxy */ = {
			isa = PBXContainerItemProxy;
			containerPortal = 13BB1E2E22A6CB8F00FE2CB7 /* Project object */;
			proxyType = 1;
			remoteGlobalIDString = 13BB1E3522A6CB8F00FE2CB7;
			remoteInfo = practice;
		};
/* End PBXContainerItemProxy section */

/* Begin PBXCopyFilesBuildPhase section */
		1320F4F122E894B500865F13 /* Embed Frameworks */ = {
			isa = PBXCopyFilesBuildPhase;
			buildActionMask = 2147483647;
			dstPath = "";
			dstSubfolderSpec = 10;
			files = (
				1320F4F022E894B500865F13 /* XUC.framework in Embed Frameworks */,
			);
			name = "Embed Frameworks";
			runOnlyForDeploymentPostprocessing = 0;
		};
/* End PBXCopyFilesBuildPhase section */

/* Begin PBXFileReference section */
		1320F4ED22E8941300865F13 /* XUC.framework */ = {isa = PBXFileReference; lastKnownFileType = wrapper.framework; path = XUC.framework; sourceTree = "<group>"; };
		1320F4F222E894E500865F13 /* ViewController3.h */ = {isa = PBXFileReference; lastKnownFileType = sourcecode.c.h; path = ViewController3.h; sourceTree = "<group>"; };
		1320F4F322E894E500865F13 /* ViewController3.m */ = {isa = PBXFileReference; lastKnownFileType = sourcecode.c.objc; path = ViewController3.m; sourceTree = "<group>"; };
		13261649235C2FDA008E646B /* ViewController0+VC0.h */ = {isa = PBXFileReference; lastKnownFileType = sourcecode.c.h; path = "ViewController0+VC0.h"; sourceTree = "<group>"; };
		1326164A235C2FDA008E646B /* ViewController0+VC0.m */ = {isa = PBXFileReference; lastKnownFileType = sourcecode.c.objc; path = "ViewController0+VC0.m"; sourceTree = "<group>"; };
		1326164C235C3E02008E646B /* practice-Bridging-Header.h */ = {isa = PBXFileReference; lastKnownFileType = sourcecode.c.h; path = "practice-Bridging-Header.h"; sourceTree = "<group>"; };
		1326164D235C3E02008E646B /* ViewController7.swift */ = {isa = PBXFileReference; lastKnownFileType = sourcecode.swift; path = ViewController7.swift; sourceTree = "<group>"; };
		132FB7262339970B00A19228 /* ViewController6.h */ = {isa = PBXFileReference; lastKnownFileType = sourcecode.c.h; path = ViewController6.h; sourceTree = "<group>"; };
		132FB7272339970B00A19228 /* ViewController6.m */ = {isa = PBXFileReference; lastKnownFileType = sourcecode.c.objc; path = ViewController6.m; sourceTree = "<group>"; };
		132FB7282339970B00A19228 /* ViewController6.xib */ = {isa = PBXFileReference; lastKnownFileType = file.xib; path = ViewController6.xib; sourceTree = "<group>"; };
		133598B422EC0D8100D509DF /* ViewController4.h */ = {isa = PBXFileReference; lastKnownFileType = sourcecode.c.h; path = ViewController4.h; sourceTree = "<group>"; };
		133598B522EC0D8100D509DF /* ViewController4.m */ = {isa = PBXFileReference; lastKnownFileType = sourcecode.c.objc; path = ViewController4.m; sourceTree = "<group>"; };
		133598BA22EC155200D509DF /* VC4TableCell.h */ = {isa = PBXFileReference; lastKnownFileType = sourcecode.c.h; path = VC4TableCell.h; sourceTree = "<group>"; };
		133598BB22EC155200D509DF /* VC4TableCell.m */ = {isa = PBXFileReference; lastKnownFileType = sourcecode.c.objc; path = VC4TableCell.m; sourceTree = "<group>"; };
		133598BC22EC155200D509DF /* VC4TableCell.xib */ = {isa = PBXFileReference; lastKnownFileType = file.xib; path = VC4TableCell.xib; sourceTree = "<group>"; };
		1335990722EC71D300D509DF /* practiceTests.xctest */ = {isa = PBXFileReference; explicitFileType = wrapper.cfbundle; includeInIndex = 0; path = practiceTests.xctest; sourceTree = BUILT_PRODUCTS_DIR; };
		1335990922EC71D300D509DF /* practiceTests.m */ = {isa = PBXFileReference; lastKnownFileType = sourcecode.c.objc; path = practiceTests.m; sourceTree = "<group>"; };
		1335990B22EC71D300D509DF /* Info.plist */ = {isa = PBXFileReference; lastKnownFileType = text.plist.xml; path = Info.plist; sourceTree = "<group>"; };
		1335991522EC721B00D509DF /* practiceUITests.xctest */ = {isa = PBXFileReference; explicitFileType = wrapper.cfbundle; includeInIndex = 0; path = practiceUITests.xctest; sourceTree = BUILT_PRODUCTS_DIR; };
		1335991722EC721B00D509DF /* practiceUITests.m */ = {isa = PBXFileReference; lastKnownFileType = sourcecode.c.objc; path = practiceUITests.m; sourceTree = "<group>"; };
		1335991922EC721B00D509DF /* Info.plist */ = {isa = PBXFileReference; lastKnownFileType = text.plist.xml; path = Info.plist; sourceTree = "<group>"; };
		13BB1E3622A6CB8F00FE2CB7 /* practice.app */ = {isa = PBXFileReference; explicitFileType = wrapper.application; includeInIndex = 0; path = practice.app; sourceTree = BUILT_PRODUCTS_DIR; };
		13BB1E3922A6CB8F00FE2CB7 /* AppDelegate.h */ = {isa = PBXFileReference; lastKnownFileType = sourcecode.c.h; path = AppDelegate.h; sourceTree = "<group>"; };
		13BB1E3A22A6CB8F00FE2CB7 /* AppDelegate.m */ = {isa = PBXFileReference; lastKnownFileType = sourcecode.c.objc; path = AppDelegate.m; sourceTree = "<group>"; };
		13BB1E3C22A6CB8F00FE2CB7 /* ViewController.h */ = {isa = PBXFileReference; lastKnownFileType = sourcecode.c.h; path = ViewController.h; sourceTree = "<group>"; };
		13BB1E3D22A6CB8F00FE2CB7 /* ViewController.m */ = {isa = PBXFileReference; lastKnownFileType = sourcecode.c.objc; path = ViewController.m; sourceTree = "<group>"; };
		13BB1E4022A6CB8F00FE2CB7 /* Base */ = {isa = PBXFileReference; lastKnownFileType = file.storyboard; name = Base; path = Base.lproj/Main.storyboard; sourceTree = "<group>"; };
		13BB1E4222A6CB9400FE2CB7 /* Assets.xcassets */ = {isa = PBXFileReference; lastKnownFileType = folder.assetcatalog; path = Assets.xcassets; sourceTree = "<group>"; };
		13BB1E4522A6CB9400FE2CB7 /* Base */ = {isa = PBXFileReference; lastKnownFileType = file.storyboard; name = Base; path = Base.lproj/LaunchScreen.storyboard; sourceTree = "<group>"; };
		13BB1E4722A6CB9400FE2CB7 /* Info.plist */ = {isa = PBXFileReference; lastKnownFileType = text.plist.xml; path = Info.plist; sourceTree = "<group>"; };
		13BB1E4822A6CB9400FE2CB7 /* main.m */ = {isa = PBXFileReference; lastKnownFileType = sourcecode.c.objc; path = main.m; sourceTree = "<group>"; };
		13D4D27522E8A2D8006355B2 /* FPSObserver.h */ = {isa = PBXFileReference; lastKnownFileType = sourcecode.c.h; path = FPSObserver.h; sourceTree = "<group>"; };
		13D4D27622E8A2D8006355B2 /* FPSObserver.m */ = {isa = PBXFileReference; lastKnownFileType = sourcecode.c.objc; path = FPSObserver.m; sourceTree = "<group>"; };
		13E3BFF022E2C5E600D15F16 /* ViewController0.h */ = {isa = PBXFileReference; lastKnownFileType = sourcecode.c.h; path = ViewController0.h; sourceTree = "<group>"; };
		13E3BFF122E2C5E600D15F16 /* ViewController0.m */ = {isa = PBXFileReference; lastKnownFileType = sourcecode.c.objc; path = ViewController0.m; sourceTree = "<group>"; };
		13E3BFF422E31E5700D15F16 /* ViewControllerCell.h */ = {isa = PBXFileReference; lastKnownFileType = sourcecode.c.h; path = ViewControllerCell.h; sourceTree = "<group>"; };
		13E3BFF522E31E5700D15F16 /* ViewControllerCell.m */ = {isa = PBXFileReference; lastKnownFileType = sourcecode.c.objc; path = ViewControllerCell.m; sourceTree = "<group>"; };
		13E3BFFA22E3816000D15F16 /* PrefixHeader.pch */ = {isa = PBXFileReference; lastKnownFileType = sourcecode.c.h; path = PrefixHeader.pch; sourceTree = "<group>"; };
		13E3C00222E388B900D15F16 /* UIView+Layout.h */ = {isa = PBXFileReference; lastKnownFileType = sourcecode.c.h; path = "UIView+Layout.h"; sourceTree = "<group>"; };
		13E3C00322E388B900D15F16 /* UIView+Layout.m */ = {isa = PBXFileReference; lastKnownFileType = sourcecode.c.objc; path = "UIView+Layout.m"; sourceTree = "<group>"; };
		13E7924422DE25B1003EEDDC /* ViewController1.h */ = {isa = PBXFileReference; lastKnownFileType = sourcecode.c.h; path = ViewController1.h; sourceTree = "<group>"; };
		13E7924522DE25B1003EEDDC /* ViewController1.m */ = {isa = PBXFileReference; lastKnownFileType = sourcecode.c.objc; path = ViewController1.m; sourceTree = "<group>"; };
		13F930C022E42330008DA76D /* ViewController2.h */ = {isa = PBXFileReference; fileEncoding = 4; lastKnownFileType = sourcecode.c.h; path = ViewController2.h; sourceTree = "<group>"; };
		13F930C122E42331008DA76D /* ViewController2.m */ = {isa = PBXFileReference; fileEncoding = 4; lastKnownFileType = sourcecode.c.objc; path = ViewController2.m; sourceTree = "<group>"; };
		9C2CEAA922EEE7640096C8E0 /* Note.rtf */ = {isa = PBXFileReference; lastKnownFileType = text.rtf; path = Note.rtf; sourceTree = "<group>"; };
		9C4A6FD422EFD636008B7344 /* ViewController5.h */ = {isa = PBXFileReference; lastKnownFileType = sourcecode.c.h; path = ViewController5.h; sourceTree = "<group>"; };
		9C4A6FD522EFD636008B7344 /* ViewController5.m */ = {isa = PBXFileReference; lastKnownFileType = sourcecode.c.objc; path = ViewController5.m; sourceTree = "<group>"; };
		A796E396148D2845591460A6 /* libPods-practice.a */ = {isa = PBXFileReference; explicitFileType = archive.ar; includeInIndex = 0; path = "libPods-practice.a"; sourceTree = BUILT_PRODUCTS_DIR; };
		D24D94397EFF43279FC1B1CA /* Pods-practice.debug.xcconfig */ = {isa = PBXFileReference; includeInIndex = 1; lastKnownFileType = text.xcconfig; name = "Pods-practice.debug.xcconfig"; path = "Target Support Files/Pods-practice/Pods-practice.debug.xcconfig"; sourceTree = "<group>"; };
		DF26C33850BFDC8F126326AD /* Pods-practice.release.xcconfig */ = {isa = PBXFileReference; includeInIndex = 1; lastKnownFileType = text.xcconfig; name = "Pods-practice.release.xcconfig"; path = "Target Support Files/Pods-practice/Pods-practice.release.xcconfig"; sourceTree = "<group>"; };
/* End PBXFileReference section */

/* Begin PBXFrameworksBuildPhase section */
		1335990422EC71D300D509DF /* Frameworks */ = {
			isa = PBXFrameworksBuildPhase;
			buildActionMask = 2147483647;
			files = (
			);
			runOnlyForDeploymentPostprocessing = 0;
		};
		1335991222EC721B00D509DF /* Frameworks */ = {
			isa = PBXFrameworksBuildPhase;
			buildActionMask = 2147483647;
			files = (
			);
			runOnlyForDeploymentPostprocessing = 0;
		};
		13BB1E3322A6CB8F00FE2CB7 /* Frameworks */ = {
			isa = PBXFrameworksBuildPhase;
			buildActionMask = 2147483647;
			files = (
				1320F4EF22E894B500865F13 /* XUC.framework in Frameworks */,
				F1C552A028FBD2094D4BD34D /* libPods-practice.a in Frameworks */,
			);
			runOnlyForDeploymentPostprocessing = 0;
		};
/* End PBXFrameworksBuildPhase section */

/* Begin PBXGroup section */
		133598B722EC0E5900D509DF /* Controllers */ = {
			isa = PBXGroup;
			children = (
				13E3BFF022E2C5E600D15F16 /* ViewController0.h */,
				13E3BFF122E2C5E600D15F16 /* ViewController0.m */,
				13261649235C2FDA008E646B /* ViewController0+VC0.h */,
				1326164A235C2FDA008E646B /* ViewController0+VC0.m */,
				13E7924422DE25B1003EEDDC /* ViewController1.h */,
				13E7924522DE25B1003EEDDC /* ViewController1.m */,
				13F930C022E42330008DA76D /* ViewController2.h */,
				13F930C122E42331008DA76D /* ViewController2.m */,
				1320F4F222E894E500865F13 /* ViewController3.h */,
				1320F4F322E894E500865F13 /* ViewController3.m */,
				133598B422EC0D8100D509DF /* ViewController4.h */,
				133598B522EC0D8100D509DF /* ViewController4.m */,
				9C4A6FD422EFD636008B7344 /* ViewController5.h */,
				9C4A6FD522EFD636008B7344 /* ViewController5.m */,
				132FB7262339970B00A19228 /* ViewController6.h */,
				132FB7272339970B00A19228 /* ViewController6.m */,
				132FB7282339970B00A19228 /* ViewController6.xib */,
				1326164D235C3E02008E646B /* ViewController7.swift */,
				1326164C235C3E02008E646B /* practice-Bridging-Header.h */,
			);
			path = Controllers;
			sourceTree = "<group>";
		};
		133598B822EC0E6500D509DF /* OtherViews */ = {
			isa = PBXGroup;
			children = (
				13D4D27522E8A2D8006355B2 /* FPSObserver.h */,
				13D4D27622E8A2D8006355B2 /* FPSObserver.m */,
			);
			path = OtherViews;
			sourceTree = "<group>";
		};
		133598B922EC141D00D509DF /* Cells */ = {
			isa = PBXGroup;
			children = (
				13E3BFF422E31E5700D15F16 /* ViewControllerCell.h */,
				13E3BFF522E31E5700D15F16 /* ViewControllerCell.m */,
				133598BA22EC155200D509DF /* VC4TableCell.h */,
				133598BB22EC155200D509DF /* VC4TableCell.m */,
				133598BC22EC155200D509DF /* VC4TableCell.xib */,
			);
			path = Cells;
			sourceTree = "<group>";
		};
		1335990822EC71D300D509DF /* practiceTests */ = {
			isa = PBXGroup;
			children = (
				1335990922EC71D300D509DF /* practiceTests.m */,
				1335990B22EC71D300D509DF /* Info.plist */,
			);
			path = practiceTests;
			sourceTree = "<group>";
		};
		1335991622EC721B00D509DF /* practiceUITests */ = {
			isa = PBXGroup;
			children = (
				1335991722EC721B00D509DF /* practiceUITests.m */,
				1335991922EC721B00D509DF /* Info.plist */,
			);
			path = practiceUITests;
			sourceTree = "<group>";
		};
		13BB1E2D22A6CB8F00FE2CB7 = {
			isa = PBXGroup;
			children = (
				1320F4ED22E8941300865F13 /* XUC.framework */,
				13E3BFEF22E2C57600D15F16 /* BasicFiles */,
				13BB1E3822A6CB8F00FE2CB7 /* Practice */,
				13E3BFF322E31E1600D15F16 /* Views */,
				9C2CEAA822EEE71A0096C8E0 /* Files */,
				1335990822EC71D300D509DF /* practiceTests */,
				1335991622EC721B00D509DF /* practiceUITests */,
				13BB1E3722A6CB8F00FE2CB7 /* Products */,
				2A3F14E7E2C74A0BABFA0FC0 /* Pods */,
				F56581CB8345BD3484B504B4 /* Frameworks */,
			);
			sourceTree = "<group>";
		};
		13BB1E3722A6CB8F00FE2CB7 /* Products */ = {
			isa = PBXGroup;
			children = (
				13BB1E3622A6CB8F00FE2CB7 /* practice.app */,
				1335990722EC71D300D509DF /* practiceTests.xctest */,
				1335991522EC721B00D509DF /* practiceUITests.xctest */,
			);
			name = Products;
			sourceTree = "<group>";
		};
		13BB1E3822A6CB8F00FE2CB7 /* Practice */ = {
			isa = PBXGroup;
			children = (
				13BB1E4722A6CB9400FE2CB7 /* Info.plist */,
				13BB1E3922A6CB8F00FE2CB7 /* AppDelegate.h */,
				13BB1E3A22A6CB8F00FE2CB7 /* AppDelegate.m */,
				13BB1E3C22A6CB8F00FE2CB7 /* ViewController.h */,
				13BB1E3D22A6CB8F00FE2CB7 /* ViewController.m */,
			);
			path = Practice;
			sourceTree = "<group>";
		};
		13E3BFEF22E2C57600D15F16 /* BasicFiles */ = {
			isa = PBXGroup;
			children = (
				13BB1E3F22A6CB8F00FE2CB7 /* Main.storyboard */,
				13BB1E4222A6CB9400FE2CB7 /* Assets.xcassets */,
				13BB1E4422A6CB9400FE2CB7 /* LaunchScreen.storyboard */,
				13BB1E4822A6CB9400FE2CB7 /* main.m */,
				13E3BFFA22E3816000D15F16 /* PrefixHeader.pch */,
				13E3C00222E388B900D15F16 /* UIView+Layout.h */,
				13E3C00322E388B900D15F16 /* UIView+Layout.m */,
			);
			path = BasicFiles;
			sourceTree = "<group>";
		};
		13E3BFF322E31E1600D15F16 /* Views */ = {
			isa = PBXGroup;
			children = (
				133598B922EC141D00D509DF /* Cells */,
				133598B822EC0E6500D509DF /* OtherViews */,
				133598B722EC0E5900D509DF /* Controllers */,
			);
			path = Views;
			sourceTree = "<group>";
		};
		2A3F14E7E2C74A0BABFA0FC0 /* Pods */ = {
			isa = PBXGroup;
			children = (
				D24D94397EFF43279FC1B1CA /* Pods-practice.debug.xcconfig */,
				DF26C33850BFDC8F126326AD /* Pods-practice.release.xcconfig */,
			);
			name = Pods;
			path = Pods;
			sourceTree = "<group>";
		};
		9C2CEAA822EEE71A0096C8E0 /* Files */ = {
			isa = PBXGroup;
			children = (
				9C2CEAA922EEE7640096C8E0 /* Note.rtf */,
			);
			path = Files;
			sourceTree = "<group>";
		};
		F56581CB8345BD3484B504B4 /* Frameworks */ = {
			isa = PBXGroup;
			children = (
				A796E396148D2845591460A6 /* libPods-practice.a */,
			);
			name = Frameworks;
			sourceTree = "<group>";
		};
/* End PBXGroup section */

/* Begin PBXNativeTarget section */
		1335990622EC71D300D509DF /* practiceTests */ = {
			isa = PBXNativeTarget;
			buildConfigurationList = 1335990E22EC71D300D509DF /* Build configuration list for PBXNativeTarget "practiceTests" */;
			buildPhases = (
				1335990322EC71D300D509DF /* Sources */,
				1335990422EC71D300D509DF /* Frameworks */,
				1335990522EC71D300D509DF /* Resources */,
			);
			buildRules = (
			);
			dependencies = (
				1335990D22EC71D300D509DF /* PBXTargetDependency */,
			);
			name = practiceTests;
			productName = practiceTests;
			productReference = 1335990722EC71D300D509DF /* practiceTests.xctest */;
			productType = "com.apple.product-type.bundle.unit-test";
		};
		1335991422EC721B00D509DF /* practiceUITests */ = {
			isa = PBXNativeTarget;
			buildConfigurationList = 1335991C22EC721B00D509DF /* Build configuration list for PBXNativeTarget "practiceUITests" */;
			buildPhases = (
				1335991122EC721B00D509DF /* Sources */,
				1335991222EC721B00D509DF /* Frameworks */,
				1335991322EC721B00D509DF /* Resources */,
			);
			buildRules = (
			);
			dependencies = (
				1335991B22EC721B00D509DF /* PBXTargetDependency */,
			);
			name = practiceUITests;
			productName = practiceUITests;
			productReference = 1335991522EC721B00D509DF /* practiceUITests.xctest */;
			productType = "com.apple.product-type.bundle.ui-testing";
		};
		13BB1E3522A6CB8F00FE2CB7 /* practice */ = {
			isa = PBXNativeTarget;
			buildConfigurationList = 13BB1E4C22A6CB9400FE2CB7 /* Build configuration list for PBXNativeTarget "practice" */;
			buildPhases = (
				322CF584026EB8AB96D7D2C9 /* [CP] Check Pods Manifest.lock */,
				13BB1E3222A6CB8F00FE2CB7 /* Sources */,
				13BB1E3322A6CB8F00FE2CB7 /* Frameworks */,
				13BB1E3422A6CB8F00FE2CB7 /* Resources */,
				1320F4F122E894B500865F13 /* Embed Frameworks */,
			);
			buildRules = (
			);
			dependencies = (
			);
			name = practice;
			productName = practice;
			productReference = 13BB1E3622A6CB8F00FE2CB7 /* practice.app */;
			productType = "com.apple.product-type.application";
		};
/* End PBXNativeTarget section */

/* Begin PBXProject section */
		13BB1E2E22A6CB8F00FE2CB7 /* Project object */ = {
			isa = PBXProject;
			attributes = {
				LastUpgradeCheck = 1020;
				ORGANIZATIONNAME = "许超";
				TargetAttributes = {
					1335990622EC71D300D509DF = {
						CreatedOnToolsVersion = 10.2;
						TestTargetID = 13BB1E3522A6CB8F00FE2CB7;
					};
					1335991422EC721B00D509DF = {
						CreatedOnToolsVersion = 10.2;
						TestTargetID = 13BB1E3522A6CB8F00FE2CB7;
					};
					13BB1E3522A6CB8F00FE2CB7 = {
						CreatedOnToolsVersion = 10.2;
						LastSwiftMigration = 1030;
					};
				};
			};
			buildConfigurationList = 13BB1E3122A6CB8F00FE2CB7 /* Build configuration list for PBXProject "practice" */;
			compatibilityVersion = "Xcode 9.3";
			developmentRegion = en;
			hasScannedForEncodings = 0;
			knownRegions = (
				en,
				Base,
			);
			mainGroup = 13BB1E2D22A6CB8F00FE2CB7;
			productRefGroup = 13BB1E3722A6CB8F00FE2CB7 /* Products */;
			projectDirPath = "";
			projectRoot = "";
			targets = (
				13BB1E3522A6CB8F00FE2CB7 /* practice */,
				1335990622EC71D300D509DF /* practiceTests */,
				1335991422EC721B00D509DF /* practiceUITests */,
			);
		};
/* End PBXProject section */

/* Begin PBXResourcesBuildPhase section */
		1335990522EC71D300D509DF /* Resources */ = {
			isa = PBXResourcesBuildPhase;
			buildActionMask = 2147483647;
			files = (
			);
			runOnlyForDeploymentPostprocessing = 0;
		};
		1335991322EC721B00D509DF /* Resources */ = {
			isa = PBXResourcesBuildPhase;
			buildActionMask = 2147483647;
			files = (
			);
			runOnlyForDeploymentPostprocessing = 0;
		};
		13BB1E3422A6CB8F00FE2CB7 /* Resources */ = {
			isa = PBXResourcesBuildPhase;
			buildActionMask = 2147483647;
			files = (
				1320F4EE22E8941300865F13 /* XUC.framework in Resources */,
				13BB1E4622A6CB9400FE2CB7 /* LaunchScreen.storyboard in Resources */,
				132FB72A2339970B00A19228 /* ViewController6.xib in Resources */,
				9C2CEAAA22EEE7640096C8E0 /* Note.rtf in Resources */,
				133598BE22EC155200D509DF /* VC4TableCell.xib in Resources */,
				13BB1E4322A6CB9400FE2CB7 /* Assets.xcassets in Resources */,
				13BB1E4122A6CB8F00FE2CB7 /* Main.storyboard in Resources */,
			);
			runOnlyForDeploymentPostprocessing = 0;
		};
/* End PBXResourcesBuildPhase section */

/* Begin PBXShellScriptBuildPhase section */
		322CF584026EB8AB96D7D2C9 /* [CP] Check Pods Manifest.lock */ = {
			isa = PBXShellScriptBuildPhase;
			buildActionMask = 2147483647;
			files = (
			);
			inputFileListPaths = (
			);
			inputPaths = (
				"${PODS_PODFILE_DIR_PATH}/Podfile.lock",
				"${PODS_ROOT}/Manifest.lock",
			);
			name = "[CP] Check Pods Manifest.lock";
			outputFileListPaths = (
			);
			outputPaths = (
				"$(DERIVED_FILE_DIR)/Pods-practice-checkManifestLockResult.txt",
			);
			runOnlyForDeploymentPostprocessing = 0;
			shellPath = /bin/sh;
			shellScript = "diff \"${PODS_PODFILE_DIR_PATH}/Podfile.lock\" \"${PODS_ROOT}/Manifest.lock\" > /dev/null\nif [ $? != 0 ] ; then\n    # print error to STDERR\n    echo \"error: The sandbox is not in sync with the Podfile.lock. Run 'pod install' or update your CocoaPods installation.\" >&2\n    exit 1\nfi\n# This output is used by Xcode 'outputs' to avoid re-running this script phase.\necho \"SUCCESS\" > \"${SCRIPT_OUTPUT_FILE_0}\"\n";
			showEnvVarsInLog = 0;
		};
/* End PBXShellScriptBuildPhase section */

/* Begin PBXSourcesBuildPhase section */
		1335990322EC71D300D509DF /* Sources */ = {
			isa = PBXSourcesBuildPhase;
			buildActionMask = 2147483647;
			files = (
				1335990A22EC71D300D509DF /* practiceTests.m in Sources */,
			);
			runOnlyForDeploymentPostprocessing = 0;
		};
		1335991122EC721B00D509DF /* Sources */ = {
			isa = PBXSourcesBuildPhase;
			buildActionMask = 2147483647;
			files = (
				1335991822EC721B00D509DF /* practiceUITests.m in Sources */,
			);
			runOnlyForDeploymentPostprocessing = 0;
		};
		13BB1E3222A6CB8F00FE2CB7 /* Sources */ = {
			isa = PBXSourcesBuildPhase;
			buildActionMask = 2147483647;
			files = (
				1326164B235C2FDA008E646B /* ViewController0+VC0.m in Sources */,
				13E3BFF622E31E5700D15F16 /* ViewControllerCell.m in Sources */,
				13E7924622DE25B1003EEDDC /* ViewController1.m in Sources */,
				1320F4F422E894E500865F13 /* ViewController3.m in Sources */,
				132FB7292339970B00A19228 /* ViewController6.m in Sources */,
				13BB1E3E22A6CB8F00FE2CB7 /* ViewController.m in Sources */,
				1326164E235C3E02008E646B /* ViewController7.swift in Sources */,
				13E3C00422E388B900D15F16 /* UIView+Layout.m in Sources */,
				13BB1E4922A6CB9400FE2CB7 /* main.m in Sources */,
				133598BD22EC155200D509DF /* VC4TableCell.m in Sources */,
				133598B622EC0D8100D509DF /* ViewController4.m in Sources */,
				9C4A6FD622EFD636008B7344 /* ViewController5.m in Sources */,
				13F930C222E42331008DA76D /* ViewController2.m in Sources */,
				13D4D27722E8A2D8006355B2 /* FPSObserver.m in Sources */,
				13E3BFF222E2C5E600D15F16 /* ViewController0.m in Sources */,
				13BB1E3B22A6CB8F00FE2CB7 /* AppDelegate.m in Sources */,
			);
			runOnlyForDeploymentPostprocessing = 0;
		};
/* End PBXSourcesBuildPhase section */

/* Begin PBXTargetDependency section */
		1335990D22EC71D300D509DF /* PBXTargetDependency */ = {
			isa = PBXTargetDependency;
			target = 13BB1E3522A6CB8F00FE2CB7 /* practice */;
			targetProxy = 1335990C22EC71D300D509DF /* PBXContainerItemProxy */;
		};
		1335991B22EC721B00D509DF /* PBXTargetDependency */ = {
			isa = PBXTargetDependency;
			target = 13BB1E3522A6CB8F00FE2CB7 /* practice */;
			targetProxy = 1335991A22EC721B00D509DF /* PBXContainerItemProxy */;
		};
/* End PBXTargetDependency section */

/* Begin PBXVariantGroup section */
		13BB1E3F22A6CB8F00FE2CB7 /* Main.storyboard */ = {
			isa = PBXVariantGroup;
			children = (
				13BB1E4022A6CB8F00FE2CB7 /* Base */,
			);
			name = Main.storyboard;
			sourceTree = "<group>";
		};
		13BB1E4422A6CB9400FE2CB7 /* LaunchScreen.storyboard */ = {
			isa = PBXVariantGroup;
			children = (
				13BB1E4522A6CB9400FE2CB7 /* Base */,
			);
			name = LaunchScreen.storyboard;
			sourceTree = "<group>";
		};
/* End PBXVariantGroup section */

/* Begin XCBuildConfiguration section */
		1335990F22EC71D300D509DF /* Debug */ = {
			isa = XCBuildConfiguration;
			buildSettings = {
				ALWAYS_EMBED_SWIFT_STANDARD_LIBRARIES = YES;
				BUNDLE_LOADER = "$(TEST_HOST)";
				CODE_SIGN_STYLE = Automatic;
				DEVELOPMENT_TEAM = QBDJ83Z5HX;
				INFOPLIST_FILE = practiceTests/Info.plist;
				LD_RUNPATH_SEARCH_PATHS = (
					"$(inherited)",
					"@executable_path/Frameworks",
					"@loader_path/Frameworks",
				);
				PRODUCT_BUNDLE_IDENTIFIER = com.vincentplus.www.practiceTests;
				PRODUCT_NAME = "$(TARGET_NAME)";
				TARGETED_DEVICE_FAMILY = "1,2";
				TEST_HOST = "$(BUILT_PRODUCTS_DIR)/practice.app/practice";
			};
			name = Debug;
		};
		1335991022EC71D300D509DF /* Release */ = {
			isa = XCBuildConfiguration;
			buildSettings = {
				ALWAYS_EMBED_SWIFT_STANDARD_LIBRARIES = YES;
				BUNDLE_LOADER = "$(TEST_HOST)";
				CODE_SIGN_STYLE = Automatic;
				DEVELOPMENT_TEAM = QBDJ83Z5HX;
				INFOPLIST_FILE = practiceTests/Info.plist;
				LD_RUNPATH_SEARCH_PATHS = (
					"$(inherited)",
					"@executable_path/Frameworks",
					"@loader_path/Frameworks",
				);
				PRODUCT_BUNDLE_IDENTIFIER = com.vincentplus.www.practiceTests;
				PRODUCT_NAME = "$(TARGET_NAME)";
				TARGETED_DEVICE_FAMILY = "1,2";
				TEST_HOST = "$(BUILT_PRODUCTS_DIR)/practice.app/practice";
			};
			name = Release;
		};
		1335991D22EC721B00D509DF /* Debug */ = {
			isa = XCBuildConfiguration;
			buildSettings = {
				ALWAYS_EMBED_SWIFT_STANDARD_LIBRARIES = YES;
				CODE_SIGN_STYLE = Automatic;
				DEVELOPMENT_TEAM = QBDJ83Z5HX;
				INFOPLIST_FILE = practiceUITests/Info.plist;
				LD_RUNPATH_SEARCH_PATHS = (
					"$(inherited)",
					"@executable_path/Frameworks",
					"@loader_path/Frameworks",
				);
				PRODUCT_BUNDLE_IDENTIFIER = com.vincentplus.www.practiceUITests;
				PRODUCT_NAME = "$(TARGET_NAME)";
				TARGETED_DEVICE_FAMILY = "1,2";
				TEST_TARGET_NAME = practice;
			};
			name = Debug;
		};
		1335991E22EC721B00D509DF /* Release */ = {
			isa = XCBuildConfiguration;
			buildSettings = {
				ALWAYS_EMBED_SWIFT_STANDARD_LIBRARIES = YES;
				CODE_SIGN_STYLE = Automatic;
				DEVELOPMENT_TEAM = QBDJ83Z5HX;
				INFOPLIST_FILE = practiceUITests/Info.plist;
				LD_RUNPATH_SEARCH_PATHS = (
					"$(inherited)",
					"@executable_path/Frameworks",
					"@loader_path/Frameworks",
				);
				PRODUCT_BUNDLE_IDENTIFIER = com.vincentplus.www.practiceUITests;
				PRODUCT_NAME = "$(TARGET_NAME)";
				TARGETED_DEVICE_FAMILY = "1,2";
				TEST_TARGET_NAME = practice;
			};
			name = Release;
		};
		13BB1E4A22A6CB9400FE2CB7 /* Debug */ = {
			isa = XCBuildConfiguration;
			buildSettings = {
				ALWAYS_SEARCH_USER_PATHS = NO;
				CLANG_ANALYZER_NONNULL = YES;
				CLANG_ANALYZER_NUMBER_OBJECT_CONVERSION = YES_AGGRESSIVE;
				CLANG_CXX_LANGUAGE_STANDARD = "gnu++14";
				CLANG_CXX_LIBRARY = "libc++";
				CLANG_ENABLE_MODULES = YES;
				CLANG_ENABLE_OBJC_ARC = YES;
				CLANG_ENABLE_OBJC_WEAK = YES;
				CLANG_WARN_BLOCK_CAPTURE_AUTORELEASING = YES;
				CLANG_WARN_BOOL_CONVERSION = YES;
				CLANG_WARN_COMMA = YES;
				CLANG_WARN_CONSTANT_CONVERSION = YES;
				CLANG_WARN_DEPRECATED_OBJC_IMPLEMENTATIONS = YES;
				CLANG_WARN_DIRECT_OBJC_ISA_USAGE = YES_ERROR;
				CLANG_WARN_DOCUMENTATION_COMMENTS = YES;
				CLANG_WARN_EMPTY_BODY = YES;
				CLANG_WARN_ENUM_CONVERSION = YES;
				CLANG_WARN_INFINITE_RECURSION = YES;
				CLANG_WARN_INT_CONVERSION = YES;
				CLANG_WARN_NON_LITERAL_NULL_CONVERSION = YES;
				CLANG_WARN_OBJC_IMPLICIT_RETAIN_SELF = YES;
				CLANG_WARN_OBJC_LITERAL_CONVERSION = YES;
				CLANG_WARN_OBJC_ROOT_CLASS = YES_ERROR;
				CLANG_WARN_RANGE_LOOP_ANALYSIS = YES;
				CLANG_WARN_STRICT_PROTOTYPES = YES;
				CLANG_WARN_SUSPICIOUS_MOVE = YES;
				CLANG_WARN_UNGUARDED_AVAILABILITY = YES_AGGRESSIVE;
				CLANG_WARN_UNREACHABLE_CODE = YES;
				CLANG_WARN__DUPLICATE_METHOD_MATCH = YES;
				CODE_SIGN_IDENTITY = "iPhone Developer";
				COPY_PHASE_STRIP = NO;
				DEBUG_INFORMATION_FORMAT = dwarf;
				ENABLE_STRICT_OBJC_MSGSEND = YES;
				ENABLE_TESTABILITY = YES;
				GCC_C_LANGUAGE_STANDARD = gnu11;
				GCC_DYNAMIC_NO_PIC = NO;
				GCC_NO_COMMON_BLOCKS = YES;
				GCC_OPTIMIZATION_LEVEL = 0;
				GCC_PREPROCESSOR_DEFINITIONS = (
					"DEBUG=1",
					"$(inherited)",
				);
				GCC_WARN_64_TO_32_BIT_CONVERSION = YES;
				GCC_WARN_ABOUT_RETURN_TYPE = YES_ERROR;
				GCC_WARN_UNDECLARED_SELECTOR = YES;
				GCC_WARN_UNINITIALIZED_AUTOS = YES_AGGRESSIVE;
				GCC_WARN_UNUSED_FUNCTION = YES;
				GCC_WARN_UNUSED_VARIABLE = YES;
				IPHONEOS_DEPLOYMENT_TARGET = 12.2;
				MTL_ENABLE_DEBUG_INFO = INCLUDE_SOURCE;
				MTL_FAST_MATH = YES;
				ONLY_ACTIVE_ARCH = YES;
				SDKROOT = iphoneos;
			};
			name = Debug;
		};
		13BB1E4B22A6CB9400FE2CB7 /* Release */ = {
			isa = XCBuildConfiguration;
			buildSettings = {
				ALWAYS_SEARCH_USER_PATHS = NO;
				CLANG_ANALYZER_NONNULL = YES;
				CLANG_ANALYZER_NUMBER_OBJECT_CONVERSION = YES_AGGRESSIVE;
				CLANG_CXX_LANGUAGE_STANDARD = "gnu++14";
				CLANG_CXX_LIBRARY = "libc++";
				CLANG_ENABLE_MODULES = YES;
				CLANG_ENABLE_OBJC_ARC = YES;
				CLANG_ENABLE_OBJC_WEAK = YES;
				CLANG_WARN_BLOCK_CAPTURE_AUTORELEASING = YES;
				CLANG_WARN_BOOL_CONVERSION = YES;
				CLANG_WARN_COMMA = YES;
				CLANG_WARN_CONSTANT_CONVERSION = YES;
				CLANG_WARN_DEPRECATED_OBJC_IMPLEMENTATIONS = YES;
				CLANG_WARN_DIRECT_OBJC_ISA_USAGE = YES_ERROR;
				CLANG_WARN_DOCUMENTATION_COMMENTS = YES;
				CLANG_WARN_EMPTY_BODY = YES;
				CLANG_WARN_ENUM_CONVERSION = YES;
				CLANG_WARN_INFINITE_RECURSION = YES;
				CLANG_WARN_INT_CONVERSION = YES;
				CLANG_WARN_NON_LITERAL_NULL_CONVERSION = YES;
				CLANG_WARN_OBJC_IMPLICIT_RETAIN_SELF = YES;
				CLANG_WARN_OBJC_LITERAL_CONVERSION = YES;
				CLANG_WARN_OBJC_ROOT_CLASS = YES_ERROR;
				CLANG_WARN_RANGE_LOOP_ANALYSIS = YES;
				CLANG_WARN_STRICT_PROTOTYPES = YES;
				CLANG_WARN_SUSPICIOUS_MOVE = YES;
				CLANG_WARN_UNGUARDED_AVAILABILITY = YES_AGGRESSIVE;
				CLANG_WARN_UNREACHABLE_CODE = YES;
				CLANG_WARN__DUPLICATE_METHOD_MATCH = YES;
				CODE_SIGN_IDENTITY = "iPhone Developer";
				COPY_PHASE_STRIP = NO;
				DEBUG_INFORMATION_FORMAT = "dwarf-with-dsym";
				ENABLE_NS_ASSERTIONS = NO;
				ENABLE_STRICT_OBJC_MSGSEND = YES;
				GCC_C_LANGUAGE_STANDARD = gnu11;
				GCC_NO_COMMON_BLOCKS = YES;
				GCC_WARN_64_TO_32_BIT_CONVERSION = YES;
				GCC_WARN_ABOUT_RETURN_TYPE = YES_ERROR;
				GCC_WARN_UNDECLARED_SELECTOR = YES;
				GCC_WARN_UNINITIALIZED_AUTOS = YES_AGGRESSIVE;
				GCC_WARN_UNUSED_FUNCTION = YES;
				GCC_WARN_UNUSED_VARIABLE = YES;
				IPHONEOS_DEPLOYMENT_TARGET = 12.2;
				MTL_ENABLE_DEBUG_INFO = NO;
				MTL_FAST_MATH = YES;
				SDKROOT = iphoneos;
				VALIDATE_PRODUCT = YES;
			};
			name = Release;
		};
		13BB1E4D22A6CB9400FE2CB7 /* Debug */ = {
			isa = XCBuildConfiguration;
			baseConfigurationReference = D24D94397EFF43279FC1B1CA /* Pods-practice.debug.xcconfig */;
			buildSettings = {
				ALWAYS_SEARCH_USER_PATHS = NO;
				ASSETCATALOG_COMPILER_APPICON_NAME = AppIcon;
				CLANG_ENABLE_MODULES = YES;
				CODE_SIGN_STYLE = Automatic;
				DEFINES_MODULE = YES;
				DEVELOPMENT_TEAM = QBDJ83Z5HX;
				FRAMEWORK_SEARCH_PATHS = (
					"$(inherited)",
					"$(PROJECT_DIR)",
					"$(PLATFORM_DIR)/Developer/Library/Frameworks",
				);
				GCC_PRECOMPILE_PREFIX_HEADER = NO;
				GCC_PREFIX_HEADER = "$(SRCROOT)/BasicFiles/PrefixHeader.pch";
				HEADER_SEARCH_PATHS = "";
				INFOPLIST_FILE = practice/Info.plist;
				IPHONEOS_DEPLOYMENT_TARGET = 10.0;
				LD_RUNPATH_SEARCH_PATHS = (
					"$(inherited)",
					"@executable_path/Frameworks",
				);
				MACH_O_TYPE = mh_execute;
				PRODUCT_BUNDLE_IDENTIFIER = com.vincentplus.www.practice;
				PRODUCT_NAME = "$(TARGET_NAME)";
				SWIFT_OBJC_BRIDGING_HEADER = "Views/Controllers/practice-Bridging-Header.h";
				SWIFT_OPTIMIZATION_LEVEL = "-Onone";
				SWIFT_VERSION = 5.0;
				TARGETED_DEVICE_FAMILY = "1,2";
			};
			name = Debug;
		};
		13BB1E4E22A6CB9400FE2CB7 /* Release */ = {
			isa = XCBuildConfiguration;
			baseConfigurationReference = DF26C33850BFDC8F126326AD /* Pods-practice.release.xcconfig */;
			buildSettings = {
				ALWAYS_SEARCH_USER_PATHS = NO;
				ASSETCATALOG_COMPILER_APPICON_NAME = AppIcon;
				CLANG_ENABLE_MODULES = YES;
				CODE_SIGN_STYLE = Automatic;
				DEFINES_MODULE = YES;
				DEVELOPMENT_TEAM = QBDJ83Z5HX;
				FRAMEWORK_SEARCH_PATHS = (
					"$(inherited)",
					"$(PROJECT_DIR)",
					"$(PLATFORM_DIR)/Developer/Library/Frameworks",
				);
				GCC_PRECOMPILE_PREFIX_HEADER = NO;
				GCC_PREFIX_HEADER = "$(SRCROOT)/BasicFiles/PrefixHeader.pch";
				HEADER_SEARCH_PATHS = "";
				INFOPLIST_FILE = practice/Info.plist;
				IPHONEOS_DEPLOYMENT_TARGET = 10.0;
				LD_RUNPATH_SEARCH_PATHS = (
					"$(inherited)",
					"@executable_path/Frameworks",
				);
				MACH_O_TYPE = mh_execute;
				PRODUCT_BUNDLE_IDENTIFIER = com.vincentplus.www.practice;
				PRODUCT_NAME = "$(TARGET_NAME)";
				SWIFT_OBJC_BRIDGING_HEADER = "Views/Controllers/practice-Bridging-Header.h";
				SWIFT_VERSION = 5.0;
				TARGETED_DEVICE_FAMILY = "1,2";
			};
			name = Release;
		};
/* End XCBuildConfiguration section */

/* Begin XCConfigurationList section */
		1335990E22EC71D300D509DF /* Build configuration list for PBXNativeTarget "practiceTests" */ = {
			isa = XCConfigurationList;
			buildConfigurations = (
				1335990F22EC71D300D509DF /* Debug */,
				1335991022EC71D300D509DF /* Release */,
			);
			defaultConfigurationIsVisible = 0;
			defaultConfigurationName = Release;
		};
		1335991C22EC721B00D509DF /* Build configuration list for PBXNativeTarget "practiceUITests" */ = {
			isa = XCConfigurationList;
			buildConfigurations = (
				1335991D22EC721B00D509DF /* Debug */,
				1335991E22EC721B00D509DF /* Release */,
			);
			defaultConfigurationIsVisible = 0;
			defaultConfigurationName = Release;
		};
		13BB1E3122A6CB8F00FE2CB7 /* Build configuration list for PBXProject "practice" */ = {
			isa = XCConfigurationList;
			buildConfigurations = (
				13BB1E4A22A6CB9400FE2CB7 /* Debug */,
				13BB1E4B22A6CB9400FE2CB7 /* Release */,
			);
			defaultConfigurationIsVisible = 0;
			defaultConfigurationName = Release;
		};
		13BB1E4C22A6CB9400FE2CB7 /* Build configuration list for PBXNativeTarget "practice" */ = {
			isa = XCConfigurationList;
			buildConfigurations = (
				13BB1E4D22A6CB9400FE2CB7 /* Debug */,
				13BB1E4E22A6CB9400FE2CB7 /* Release */,
			);
			defaultConfigurationIsVisible = 0;
			defaultConfigurationName = Release;
		};
/* End XCConfigurationList section */
	};
	rootObject = 13BB1E2E22A6CB8F00FE2CB7 /* Project object */;
}
